PODS:
  - flutter_secure_storage_darwin (10.0.0):
    - Flutter
    - FlutterMacOS
  - FlutterMacOS (1.0.0)
  - path_provider_foundation (0.0.1):
    - Flutter
    - FlutterMacOS
  - screen_retriever_macos (0.0.1):
    - FlutterMacOS
  - sqflite_darwin (0.0.4):
    - Flutter
    - FlutterMacOS
  - url_launcher_macos (0.0.1):
    - FlutterMacOS
  - window_manager (0.2.0):
    - FlutterMacOS

DEPENDENCIES:
  - flutter_secure_storage_darwin (from `Flutter/ephemeral/.symlinks/plugins/flutter_secure_storage_darwin/darwin`)
  - FlutterMacOS (from `Flutter/ephemeral`)
  - path_provider_foundation (from `Flutter/ephemeral/.symlinks/plugins/path_provider_foundation/darwin`)
  - screen_retriever_macos (from `Flutter/ephemeral/.symlinks/plugins/screen_retriever_macos/macos`)
  - sqflite_darwin (from `Flutter/ephemeral/.symlinks/plugins/sqflite_darwin/darwin`)
  - url_launcher_macos (from `Flutter/ephemeral/.symlinks/plugins/url_launcher_macos/macos`)
  - window_manager (from `Flutter/ephemeral/.symlinks/plugins/window_manager/macos`)

EXTERNAL SOURCES:
  flutter_secure_storage_darwin:
    :path: Flutter/ephemeral/.symlinks/plugins/flutter_secure_storage_darwin/darwin
  FlutterMacOS:
    :path: Flutter/ephemeral
  path_provider_foundation:
    :path: Flutter/ephemeral/.symlinks/plugins/path_provider_foundation/darwin
  screen_retriever_macos:
    :path: Flutter/ephemeral/.symlinks/plugins/screen_retriever_macos/macos
  sqflite_darwin:
    :path: Flutter/ephemeral/.symlinks/plugins/sqflite_darwin/darwin
  url_launcher_macos:
    :path: Flutter/ephemeral/.symlinks/plugins/url_launcher_macos/macos
  window_manager:
    :path: Flutter/ephemeral/.symlinks/plugins/window_manager/macos

SPEC CHECKSUMS:
  flutter_secure_storage_darwin: acdb3f316ed05a3e68f856e0353b133eec373a23
  FlutterMacOS: d0db08ddef1a9af05a5ec4b724367152bb0500b1
  path_provider_foundation: bb55f6dbba17d0dccd6737fe6f7f34fbd0376880
  screen_retriever_macos: 452e51764a9e1cdb74b3c541238795849f21557f
  sqflite_darwin: 20b2a3a3b70e43edae938624ce550a3cbf66a3d0
  url_launcher_macos: f87a979182d112f911de6820aefddaf56ee9fbfd
  window_manager: 1d01fa7ac65a6e6f83b965471b1a7fdd3f06166c

PODFILE CHECKSUM: 54d867c82ac51cbd61b565781b9fada492027009

COCOAPODS: 1.16.2
